<?xml version="1.0" encoding="utf-8"?>
<Project ToolsVersion="4.0" xmlns="http://schemas.microsoft.com/developer/msbuild/2003">
  <ItemGroup>
    <Filter Include="Kaynak Dosyalar">
      <UniqueIdentifier>{4FC737F1-C7A5-4376-A066-2A32D752A2FF}</UniqueIdentifier>
      <Extensions>cpp;c;cc;cxx;c++;cppm;ixx;def;odl;idl;hpj;bat;asm;asmx</Extensions>
    </Filter>
    <Filter Include="Üst Bilgi Dosyaları">
      <UniqueIdentifier>{93995380-89BD-4b04-88EB-625FBE52EBFB}</UniqueIdentifier>
      <Extensions>h;hh;hpp;hxx;h++;hm;inl;inc;ipp;xsd</Extensions>
    </Filter>
    <Filter Include="Kaynak Dosyaları">
      <UniqueIdentifier>{67DA6AB6-F800-4c08-8B7A-83BB121AAD01}</UniqueIdentifier>
      <Extensions>rc;ico;cur;bmp;dlg;rc2;rct;bin;rgs;gif;jpg;jpeg;jpe;resx;tiff;tif;png;wav;mfcribbon-ms</Extensions>
    </Filter>
  </ItemGroup>
  <ItemGroup>
    <ClCompile Include="main.cpp">
      <Filter>Kaynak Dosyalar</Filter>
    </ClCompile>
    <ClCompile Include="linkedlistextrademo.cpp">
      <Filter>Kaynak Dosyaları</Filter>
    </ClCompile>
    <ClCompile Include="LinkedListExtraOper.cpp">
      <Filter>Kaynak Dosyaları</Filter>
    </ClCompile>
    <ClCompile Include="LinkedListExtraOperdemo.cpp">
      <Filter>Kaynak Dosyaları</Filter>
    </ClCompile>
    <ClCompile Include="linksetdemo.cpp">
      <Filter>Kaynak Dosyaları</Filter>
    </ClCompile>
    <ClCompile Include="linkstringset.cpp">
      <Filter>Kaynak Dosyaları</Filter>
    </ClCompile>
    <ClCompile Include="clockt.cpp">
      <Filter>Kaynak Dosyaları</Filter>
    </ClCompile>
    <ClCompile Include="DynIntQueue.cpp">
      <Filter>Kaynak Dosyaları</Filter>
    </ClCompile>
    <ClCompile Include="DynIntQueueDemo.cpp">
      <Filter>Kaynak Dosyaları</Filter>
    </ClCompile>
    <ClCompile Include="DynIntStack.cpp">
      <Filter>Kaynak Dosyaları</Filter>
    </ClCompile>
    <ClCompile Include="DynIntStackDemo.cpp">
      <Filter>Kaynak Dosyaları</Filter>
    </ClCompile>
    <ClCompile Include="externdemo1.cpp">
      <Filter>Kaynak Dosyaları</Filter>
    </ClCompile>
    <ClCompile Include="externdemo2.cpp">
      <Filter>Kaynak Dosyaları</Filter>
    </ClCompile>
    <ClCompile Include="funcoverload.cpp">
      <Filter>Kaynak Dosyaları</Filter>
    </ClCompile>
    <ClCompile Include="IntQueue.cpp">
      <Filter>Kaynak Dosyaları</Filter>
    </ClCompile>
    <ClCompile Include="IntQueueDemo.cpp">
      <Filter>Kaynak Dosyaları</Filter>
    </ClCompile>
    <ClCompile Include="IntStack.cpp">
      <Filter>Kaynak Dosyaları</Filter>
    </ClCompile>
    <ClCompile Include="IntStackDemo.cpp">
      <Filter>Kaynak Dosyaları</Filter>
    </ClCompile>
    <ClCompile Include="linkedlistextra.cpp">
      <Filter>Kaynak Dosyaları</Filter>
    </ClCompile>
    <ClCompile Include="PostfixEvaluator.cpp">
      <Filter>Kaynak Dosyaları</Filter>
    </ClCompile>
    <ClCompile Include="refreturn.cpp">
      <Filter>Kaynak Dosyaları</Filter>
    </ClCompile>
    <ClCompile Include="useclock.cpp">
      <Filter>Kaynak Dosyaları</Filter>
    </ClCompile>
  </ItemGroup>
  <ItemGroup>
    <ClInclude Include="IntQueue.h">
      <Filter>Üst Bilgi Dosyaları</Filter>
    </ClInclude>
    <ClInclude Include="IntStack.h">
      <Filter>Üst Bilgi Dosyaları</Filter>
    </ClInclude>
    <ClInclude Include="linkedlistextra.h">
      <Filter>Üst Bilgi Dosyaları</Filter>
    </ClInclude>
    <ClInclude Include="LinkedListExtraOper.h">
      <Filter>Üst Bilgi Dosyaları</Filter>
    </ClInclude>
    <ClInclude Include="linkstringset.h">
      <Filter>Üst Bilgi Dosyaları</Filter>
    </ClInclude>
    <ClInclude Include="clockt.h">
      <Filter>Üst Bilgi Dosyaları</Filter>
    </ClInclude>
    <ClInclude Include="DynIntQueue.h">
      <Filter>Üst Bilgi Dosyaları</Filter>
    </ClInclude>
    <ClInclude Include="DynIntStack.h">
      <Filter>Üst Bilgi Dosyaları</Filter>
    </ClInclude>
  </ItemGroup>
</Project>